
Microsoft Visual Studio Solution File, Format Version 12.00
# Visual Studio Version 17
VisualStudioVersion = 17.7.34202.233
MinimumVisualStudioVersion = 10.0.40219.1
Project("{FAE04EC0-301F-11D3-BF4B-00C04F79EFBC}") = "MyAcademyCarBook.EntityLayer", "MyAcademyCarBook.EntityLayer\MyAcademyCarBook.EntityLayer.csproj", "{BA732BDE-EADD-4CAA-8A00-20D1FE8ED62E}"
EndProject
Project("{FAE04EC0-301F-11D3-BF4B-00C04F79EFBC}") = "MyAcademyCarBook.DataAccessLayer", "MyAcademyCarBook.DataAccessLayer\MyAcademyCarBook.DataAccessLayer.csproj", "{B90636B3-E7FC-4745-ACE0-E1E2DD4EC97C}"
EndProject
Project("{FAE04EC0-301F-11D3-BF4B-00C04F79EFBC}") = "MyAcademyCarBook.BusinessLayer", "MyAcademyCarBook.BusinessLayer\MyAcademyCarBook.BusinessLayer.csproj", "{54C8CE35-2E20-4CC0-BC22-A7AF0C5C1631}"
EndProject
Project("{FAE04EC0-301F-11D3-BF4B-00C04F79EFBC}") = "MyAcademyCarBook.DtoLayer", "MyAcademyCarBook.DtoLayer\MyAcademyCarBook.DtoLayer.csproj", "{5D23F988-022D-4D97-9C08-AC802DC106BB}"
EndProject
Project("{FAE04EC0-301F-11D3-BF4B-00C04F79EFBC}") = "MyAcademyCarBook.PresentationLayer", "MyAcademyCarBook.PresentationLayer\MyAcademyCarBook.PresentationLayer.csproj", "{BF021C77-CA7E-4B61-B277-62B5F8F23EAE}"
EndProject
Global
	GlobalSection(SolutionConfigurationPlatforms) = preSolution
		Debug|Any CPU = Debug|Any CPU
		Release|Any CPU = Release|Any CPU
	EndGlobalSection
	GlobalSection(ProjectConfigurationPlatforms) = postSolution
		{BA732BDE-EADD-4CAA-8A00-20D1FE8ED62E}.Debug|Any CPU.ActiveCfg = Debug|Any CPU
		{BA732BDE-EADD-4CAA-8A00-20D1FE8ED62E}.Debug|Any CPU.Build.0 = Debug|Any CPU
		{BA732BDE-EADD-4CAA-8A00-20D1FE8ED62E}.Release|Any CPU.ActiveCfg = Release|Any CPU
		{BA732BDE-EADD-4CAA-8A00-20D1FE8ED62E}.Release|Any CPU.Build.0 = Release|Any CPU
		{B90636B3-E7FC-4745-ACE0-E1E2DD4EC97C}.Debug|Any CPU.ActiveCfg = Debug|Any CPU
		{B90636B3-E7FC-4745-ACE0-E1E2DD4EC97C}.Debug|Any CPU.Build.0 = Debug|Any CPU
		{B90636B3-E7FC-4745-ACE0-E1E2DD4EC97C}.Release|Any CPU.ActiveCfg = Release|Any CPU
		{B90636B3-E7FC-4745-ACE0-E1E2DD4EC97C}.Release|Any CPU.Build.0 = Release|Any CPU
		{54C8CE35-2E20-4CC0-BC22-A7AF0C5C1631}.Debug|Any CPU.ActiveCfg = Debug|Any CPU
		{54C8CE35-2E20-4CC0-BC22-A7AF0C5C1631}.Debug|Any CPU.Build.0 = Debug|Any CPU
		{54C8CE35-2E20-4CC0-BC22-A7AF0C5C1631}.Release|Any CPU.ActiveCfg = Release|Any CPU
		{54C8CE35-2E20-4CC0-BC22-A7AF0C5C1631}.Release|Any CPU.Build.0 = Release|Any CPU
		{5D23F988-022D-4D97-9C08-AC802DC106BB}.Debug|Any CPU.ActiveCfg = Debug|Any CPU
		{5D23F988-022D-4D97-9C08-AC802DC106BB}.Debug|Any CPU.Build.0 = Debug|Any CPU
		{5D23F988-022D-4D97-9C08-AC802DC106BB}.Release|Any CPU.ActiveCfg = Release|Any CPU
		{5D23F988-022D-4D97-9C08-AC802DC106BB}.Release|Any CPU.Build.0 = Release|Any CPU
		{BF021C77-CA7E-4B61-B277-62B5F8F23EAE}.Debug|Any CPU.ActiveCfg = Debug|Any CPU
		{BF021C77-CA7E-4B61-B277-62B5F8F23EAE}.Debug|Any CPU.Build.0 = Debug|Any CPU
		{BF021C77-CA7E-4B61-B277-62B5F8F23EAE}.Release|Any CPU.ActiveCfg = Release|Any CPU
		{BF021C77-CA7E-4B61-B277-62B5F8F23EAE}.Release|Any CPU.Build.0 = Release|Any CPU
	EndGlobalSection
	GlobalSection(SolutionProperties) = preSolution
		HideSolutionNode = FALSE
	EndGlobalSection
	GlobalSection(ExtensibilityGlobals) = postSolution
		SolutionGuid = {72D63529-8000-4923-ABD3-CAB6434651D8}
	EndGlobalSection
EndGlobal
